#MicroXplorer Configuration settings - do not modify
Mcu.Family=STM32H7
RCC.DIVQ2Freq_Value=48375000
RCC.PLLSourceVirtual=RCC_PLLSOURCE_HSE
NVIC.OTG_HS_IRQn=true\:0\:0\:false\:false\:true\:true\:true
ProjectManager.MainLocation=Core/Src
ProjectManager.ProjectFileName=stm32h750-tinyusb-uac2-example.ioc
RCC.SAI1Freq_Value=480000000
RCC.CortexFreq_Value=480000000
ProjectManager.KeepUserCode=true
Mcu.PinsNb=16
Mcu.UserName=STM32H750VBTx
PB10.Mode=Device_HS
RCC.HPRE=RCC_HCLK_DIV2
ProjectManager.NoMain=false
PH0-OSC_IN\ (PH0).Signal=RCC_OSC_IN
RCC.SWPMI1Freq_Value=120000000
PC3_C.Mode=Device_HS
RCC.SAI4BFreq_Value=480000000
ProjectManager.functionlistsort=1-SystemClock_Config-RCC-false-HAL-false,0-MX_CORTEX_M7_Init-CORTEX_M7-false-HAL-true
RCC.RTCFreq_Value=32000
RCC.D2PPRE2=RCC_APB2_DIV2
RCC.D2PPRE1=RCC_APB1_DIV2
ProjectManager.DefaultFWLocation=true
RCC.VCO2OutputFreq_Value=96750000
RCC.CpuClockFreq_Value=480000000
ProjectManager.DeletePrevious=true
PC0.Signal=USB_OTG_HS_ULPI_STP
PB11.Signal=USB_OTG_HS_ULPI_D4
RCC.QSPIFreq_Value=240000000
PB13.Signal=USB_OTG_HS_ULPI_D6
PinOutPanel.RotationAngle=0
RCC.FamilyName=M
USB_OTG_HS.VirtualMode-Device_HS=Device_HS
PH1-OSC_OUT\ (PH1).Signal=RCC_OSC_OUT
RCC.MCO1PinFreq_Value=64000000
RCC.SYSCLKSource=RCC_SYSCLKSOURCE_PLLCLK
ProjectManager.StackSize=0x400
RCC.AHB4Freq_Value=240000000
PC0.Mode=Device_HS
RCC.VCOInput3Freq_Value=750000
RCC.SPI6Freq_Value=120000000
RCC.D1CPREFreq_Value=480000000
RCC.LPTIM1Freq_Value=120000000
PA3.Mode=Device_HS
Mcu.IP4=USB_OTG_HS
NVIC.SVCall_IRQn=true\:0\:0\:false\:false\:true\:false\:false
Mcu.IP2=RCC
RCC.USART234578Freq_Value=120000000
Mcu.IP3=SYS
Mcu.IP0=CORTEX_M7
Mcu.IP1=NVIC
RCC.Tim1OutputFreq_Value=240000000
RCC.SPI45Freq_Value=120000000
RCC.SPI123Freq_Value=480000000
USB_OTG_HS.Sof_enable-Device_HS=ENABLE
Mcu.UserConstants=
PB11.Mode=Device_HS
ProjectManager.TargetToolchain=STM32CubeIDE
RCC.SDMMCFreq_Value=480000000
RCC.DIVP3Freq_Value=48375000
RCC.VCO1OutputFreq_Value=960000000
Mcu.ThirdPartyNb=0
RCC.HCLKFreq_Value=240000000
RCC.I2C4Freq_Value=120000000
Mcu.IPNb=5
ProjectManager.PreviousToolchain=
RCC.SPDIFRXFreq_Value=480000000
RCC.AXIClockFreq_Value=240000000
RCC.DIVN1=80
PC2_C.Mode=Device_HS
RCC.DIVQ3Freq_Value=48375000
Mcu.Pin6=PA5
Mcu.Pin7=PB0
ProjectManager.RegisterCallBack=
Mcu.Pin8=PB1
RCC.USBFreq_Value=48000000
Mcu.Pin9=PB10
PC2_C.Signal=USB_OTG_HS_ULPI_DIR
RCC.CKPERFreq_Value=64000000
Mcu.Pin0=PH0-OSC_IN (PH0)
Mcu.Pin1=PH1-OSC_OUT (PH1)
Mcu.Pin2=PC0
PB10.Signal=USB_OTG_HS_ULPI_D3
RCC.HRTIMFreq_Value=240000000
Mcu.Pin3=PC2_C
Mcu.Pin4=PC3_C
Mcu.Pin5=PA3
RCC.USBCLockSelection=RCC_USBCLKSOURCE_HSI48
PA5.Signal=USB_OTG_HS_ULPI_CK
ProjectManager.ProjectBuild=false
PH1-OSC_OUT\ (PH1).Mode=HSE-External-Oscillator
RCC.DIVR3Freq_Value=48375000
RCC.HSE_VALUE=24000000
NVIC.UsageFault_IRQn=true\:0\:0\:false\:false\:true\:false\:false
NVIC.DebugMonitor_IRQn=true\:0\:0\:false\:false\:true\:false\:false
PB0.Mode=Device_HS
board=custom
NVIC.SysTick_IRQn=true\:0\:0\:false\:false\:true\:false\:true
RCC.DIVM1=2
ProjectManager.LastFirmware=true
RCC.VCOInput1Freq_Value=12000000
ProjectManager.FirmwarePackage=STM32Cube FW_H7 V1.9.1
MxDb.Version=DB.6.0.21
RCC.AHB12Freq_Value=240000000
RCC.APB2Freq_Value=120000000
RCC.DIVP1Freq_Value=480000000
ProjectManager.BackupPrevious=false
RCC.FMCFreq_Value=240000000
MxCube.Version=6.2.1
RCC.FDCANFreq_Value=480000000
RCC.RNGFreq_Value=48000000
PB5.Mode=Device_HS
RCC.ADCFreq_Value=48375000
RCC.USART16Freq_Value=120000000
File.Version=6
VP_SYS_VS_Systick.Mode=SysTick
PA8.Signal=RCC_MCO_1
NVIC.NonMaskableInt_IRQn=true\:0\:0\:false\:false\:true\:false\:false
NVIC.PendSV_IRQn=true\:0\:0\:false\:false\:true\:false\:false
USB_OTG_HS.IPParameters=VirtualMode-Device_HS,Sof_enable-Device_HS
ProjectManager.FreePins=false
RCC.DIVR2Freq_Value=48375000
RCC.IPParameters=ADCFreq_Value,AHB12Freq_Value,AHB4Freq_Value,APB1Freq_Value,APB2Freq_Value,APB3Freq_Value,APB4Freq_Value,AXIClockFreq_Value,CECFreq_Value,CKPERFreq_Value,CortexFreq_Value,CpuClockFreq_Value,D1CPREFreq_Value,D1PPRE,D2PPRE1,D2PPRE2,D3PPRE,DFSDMACLkFreq_Value,DFSDMFreq_Value,DIVM1,DIVN1,DIVP1Freq_Value,DIVP2Freq_Value,DIVP3Freq_Value,DIVQ1Freq_Value,DIVQ2Freq_Value,DIVQ3Freq_Value,DIVR1Freq_Value,DIVR2Freq_Value,DIVR3Freq_Value,FDCANFreq_Value,FMCFreq_Value,FamilyName,HCLK3ClockFreq_Value,HCLKFreq_Value,HPRE,HRTIMFreq_Value,HSE_VALUE,I2C123Freq_Value,I2C4Freq_Value,LPTIM1Freq_Value,LPTIM2Freq_Value,LPTIM345Freq_Value,LPUART1Freq_Value,LTDCFreq_Value,MCO1PinFreq_Value,MCO2PinFreq_Value,PLLSourceVirtual,QSPIFreq_Value,RNGFreq_Value,RTCFreq_Value,SAI1Freq_Value,SAI23Freq_Value,SAI4AFreq_Value,SAI4BFreq_Value,SDMMCFreq_Value,SPDIFRXFreq_Value,SPI123Freq_Value,SPI45Freq_Value,SPI6Freq_Value,SWPMI1Freq_Value,SYSCLKFreq_VALUE,SYSCLKSource,Tim1OutputFreq_Value,Tim2OutputFreq_Value,TraceFreq_Value,USART16Freq_Value,USART234578Freq_Value,USBCLockSelection,USBFreq_Value,VCO1OutputFreq_Value,VCO2OutputFreq_Value,VCO3OutputFreq_Value,VCOInput1Freq_Value,VCOInput2Freq_Value,VCOInput3Freq_Value
ProjectManager.AskForMigrate=true
Mcu.Name=STM32H750VBTx
RCC.LPTIM2Freq_Value=120000000
ProjectManager.HalAssertFull=false
RCC.DIVP2Freq_Value=48375000
ProjectManager.ProjectName=stm32h750-tinyusb-uac2-example
ProjectManager.UnderRoot=true
RCC.APB3Freq_Value=120000000
ProjectManager.CoupleFile=false
RCC.MCO2PinFreq_Value=480000000
RCC.SYSCLKFreq_VALUE=480000000
Mcu.Package=LQFP100
PB5.Signal=USB_OTG_HS_ULPI_D7
RCC.I2C123Freq_Value=120000000
PB1.Signal=USB_OTG_HS_ULPI_D2
PB12.Mode=Device_HS
NVIC.ForceEnableDMAVector=true
RCC.D1PPRE=RCC_APB3_DIV2
KeepUserPlacement=false
NVIC.MemoryManagement_IRQn=true\:0\:0\:false\:false\:true\:false\:false
ProjectManager.CompilerOptimize=6
ProjectManager.ToolChainLocation=
VP_SYS_VS_Systick.Signal=SYS_VS_Systick
ProjectManager.HeapSize=0x200
Mcu.Pin15=VP_SYS_VS_Systick
NVIC.HardFault_IRQn=true\:0\:0\:false\:false\:true\:false\:false
PB1.Mode=Device_HS
RCC.DIVR1Freq_Value=480000000
RCC.DFSDMFreq_Value=120000000
Mcu.Pin13=PA8
Mcu.Pin14=PB5
RCC.LPTIM345Freq_Value=120000000
ProjectManager.ComputerToolchain=false
RCC.LTDCFreq_Value=48375000
RCC.SAI4AFreq_Value=480000000
NVIC.PriorityGroup=NVIC_PRIORITYGROUP_4
Mcu.Pin11=PB12
Mcu.Pin12=PB13
PC3_C.Signal=USB_OTG_HS_ULPI_NXT
RCC.TraceFreq_Value=64000000
Mcu.Pin10=PB11
RCC.APB4Freq_Value=120000000
RCC.CECFreq_Value=32000
RCC.SAI23Freq_Value=480000000
RCC.DIVQ1Freq_Value=480000000
NVIC.BusFault_IRQn=true\:0\:0\:false\:false\:true\:false\:false
RCC.LPUART1Freq_Value=120000000
RCC.D3PPRE=RCC_APB4_DIV2
PA8.Mode=Clock-out-1
PB13.Mode=Device_HS
RCC.HCLK3ClockFreq_Value=240000000
RCC.VCOInput2Freq_Value=750000
RCC.APB1Freq_Value=120000000
PB0.Signal=USB_OTG_HS_ULPI_D1
PH0-OSC_IN\ (PH0).Mode=HSE-External-Oscillator
ProjectManager.CustomerFirmwarePackage=
ProjectManager.DeviceId=STM32H750VBTx
RCC.Tim2OutputFreq_Value=240000000
PB12.Signal=USB_OTG_HS_ULPI_D5
ProjectManager.LibraryCopy=1
RCC.DFSDMACLkFreq_Value=480000000
RCC.VCO3OutputFreq_Value=96750000
PA3.Signal=USB_OTG_HS_ULPI_D0
PA5.Mode=Device_HS
isbadioc=false
